
Microsoft Visual Studio Solution File, Format Version 12.00
# Visual Studio 15
VisualStudioVersion = 15.0.27428.2043
MinimumVisualStudioVersion = 10.0.40219.1
Project("{9A19103F-16F7-4668-BE54-9A1E7A4F7556}") = "SimpleGui.Example", "SimpleGui.Example\SimpleGui.Example.csproj", "{6F21A98F-EAC8-4607-8E31-F4F18D2E27EB}"
EndProject
Project("{9A19103F-16F7-4668-BE54-9A1E7A4F7556}") = "SimpleGui", "SimpleGui\SimpleGui.csproj", "{92D38351-CD31-41E2-BDE3-1C36D9C686D6}"
EndProject
Project("{2150E333-8FDC-42A3-9474-1A3956D46DE8}") = "ShaderGen", "ShaderGen", "{EFC0AC45-9839-408B-B5C7-57CFE6A25578}"
EndProject
Project("{9A19103F-16F7-4668-BE54-9A1E7A4F7556}") = "ShaderGen", "..\dep\ShaderGen\src\ShaderGen\ShaderGen.csproj", "{D2DFCCB9-D706-4192-93F3-683B9860CD59}"
EndProject
Project("{9A19103F-16F7-4668-BE54-9A1E7A4F7556}") = "ShaderGen.App", "..\dep\ShaderGen\src\ShaderGen.App\ShaderGen.App.csproj", "{AE5D2142-8B71-4BFE-B433-6BC2C70FCFC0}"
EndProject
Project("{9A19103F-16F7-4668-BE54-9A1E7A4F7556}") = "ShaderGen.Build", "..\dep\ShaderGen\src\ShaderGen.Build\ShaderGen.Build.csproj", "{F6C66414-F43A-4D5B-96AD-ABFCF7757A39}"
EndProject
Project("{9A19103F-16F7-4668-BE54-9A1E7A4F7556}") = "ShaderGen.Primitives", "..\dep\ShaderGen\src\ShaderGen.Primitives\ShaderGen.Primitives.csproj", "{0B475965-D5A9-4723-BE6C-977678D7A266}"
EndProject
Project("{FAE04EC0-301F-11D3-BF4B-00C04F79EFBC}") = "SimpleGui.Resources", "SimpleGui.Resources\SimpleGui.Resources.csproj", "{69026E81-7925-47EB-BAFE-C03749032FE2}"
EndProject
Project("{2150E333-8FDC-42A3-9474-1A3956D46DE8}") = "TextRender", "TextRender", "{809F7A58-A517-4028-B596-438B629CD78A}"
EndProject
Project("{9A19103F-16F7-4668-BE54-9A1E7A4F7556}") = "TextRender", "..\dep\TextRender\src\TextRender\TextRender.csproj", "{F532E0CA-96E3-491D-99F8-547095DA6235}"
EndProject
Global
	GlobalSection(SolutionConfigurationPlatforms) = preSolution
		Debug|Any CPU = Debug|Any CPU
		Release|Any CPU = Release|Any CPU
	EndGlobalSection
	GlobalSection(ProjectConfigurationPlatforms) = postSolution
		{6F21A98F-EAC8-4607-8E31-F4F18D2E27EB}.Debug|Any CPU.ActiveCfg = Debug|Any CPU
		{6F21A98F-EAC8-4607-8E31-F4F18D2E27EB}.Debug|Any CPU.Build.0 = Debug|Any CPU
		{6F21A98F-EAC8-4607-8E31-F4F18D2E27EB}.Release|Any CPU.ActiveCfg = Release|Any CPU
		{6F21A98F-EAC8-4607-8E31-F4F18D2E27EB}.Release|Any CPU.Build.0 = Release|Any CPU
		{92D38351-CD31-41E2-BDE3-1C36D9C686D6}.Debug|Any CPU.ActiveCfg = Debug|Any CPU
		{92D38351-CD31-41E2-BDE3-1C36D9C686D6}.Debug|Any CPU.Build.0 = Debug|Any CPU
		{92D38351-CD31-41E2-BDE3-1C36D9C686D6}.Release|Any CPU.ActiveCfg = Release|Any CPU
		{92D38351-CD31-41E2-BDE3-1C36D9C686D6}.Release|Any CPU.Build.0 = Release|Any CPU
		{D2DFCCB9-D706-4192-93F3-683B9860CD59}.Debug|Any CPU.ActiveCfg = Debug|Any CPU
		{D2DFCCB9-D706-4192-93F3-683B9860CD59}.Debug|Any CPU.Build.0 = Debug|Any CPU
		{D2DFCCB9-D706-4192-93F3-683B9860CD59}.Release|Any CPU.ActiveCfg = Release|Any CPU
		{D2DFCCB9-D706-4192-93F3-683B9860CD59}.Release|Any CPU.Build.0 = Release|Any CPU
		{AE5D2142-8B71-4BFE-B433-6BC2C70FCFC0}.Debug|Any CPU.ActiveCfg = Debug|Any CPU
		{AE5D2142-8B71-4BFE-B433-6BC2C70FCFC0}.Debug|Any CPU.Build.0 = Debug|Any CPU
		{AE5D2142-8B71-4BFE-B433-6BC2C70FCFC0}.Release|Any CPU.ActiveCfg = Release|Any CPU
		{AE5D2142-8B71-4BFE-B433-6BC2C70FCFC0}.Release|Any CPU.Build.0 = Release|Any CPU
		{F6C66414-F43A-4D5B-96AD-ABFCF7757A39}.Debug|Any CPU.ActiveCfg = Debug|Any CPU
		{F6C66414-F43A-4D5B-96AD-ABFCF7757A39}.Debug|Any CPU.Build.0 = Debug|Any CPU
		{F6C66414-F43A-4D5B-96AD-ABFCF7757A39}.Release|Any CPU.ActiveCfg = Release|Any CPU
		{F6C66414-F43A-4D5B-96AD-ABFCF7757A39}.Release|Any CPU.Build.0 = Release|Any CPU
		{0B475965-D5A9-4723-BE6C-977678D7A266}.Debug|Any CPU.ActiveCfg = Debug|Any CPU
		{0B475965-D5A9-4723-BE6C-977678D7A266}.Debug|Any CPU.Build.0 = Debug|Any CPU
		{0B475965-D5A9-4723-BE6C-977678D7A266}.Release|Any CPU.ActiveCfg = Release|Any CPU
		{0B475965-D5A9-4723-BE6C-977678D7A266}.Release|Any CPU.Build.0 = Release|Any CPU
		{69026E81-7925-47EB-BAFE-C03749032FE2}.Debug|Any CPU.ActiveCfg = Debug|Any CPU
		{69026E81-7925-47EB-BAFE-C03749032FE2}.Debug|Any CPU.Build.0 = Debug|Any CPU
		{69026E81-7925-47EB-BAFE-C03749032FE2}.Release|Any CPU.ActiveCfg = Release|Any CPU
		{69026E81-7925-47EB-BAFE-C03749032FE2}.Release|Any CPU.Build.0 = Release|Any CPU
		{F532E0CA-96E3-491D-99F8-547095DA6235}.Debug|Any CPU.ActiveCfg = Debug|Any CPU
		{F532E0CA-96E3-491D-99F8-547095DA6235}.Debug|Any CPU.Build.0 = Debug|Any CPU
		{F532E0CA-96E3-491D-99F8-547095DA6235}.Release|Any CPU.ActiveCfg = Release|Any CPU
		{F532E0CA-96E3-491D-99F8-547095DA6235}.Release|Any CPU.Build.0 = Release|Any CPU
	EndGlobalSection
	GlobalSection(SolutionProperties) = preSolution
		HideSolutionNode = FALSE
	EndGlobalSection
	GlobalSection(NestedProjects) = preSolution
		{D2DFCCB9-D706-4192-93F3-683B9860CD59} = {EFC0AC45-9839-408B-B5C7-57CFE6A25578}
		{AE5D2142-8B71-4BFE-B433-6BC2C70FCFC0} = {EFC0AC45-9839-408B-B5C7-57CFE6A25578}
		{F6C66414-F43A-4D5B-96AD-ABFCF7757A39} = {EFC0AC45-9839-408B-B5C7-57CFE6A25578}
		{0B475965-D5A9-4723-BE6C-977678D7A266} = {EFC0AC45-9839-408B-B5C7-57CFE6A25578}
		{F532E0CA-96E3-491D-99F8-547095DA6235} = {809F7A58-A517-4028-B596-438B629CD78A}
	EndGlobalSection
	GlobalSection(ExtensibilityGlobals) = postSolution
		SolutionGuid = {53CC141E-D946-4D7E-B279-78F468C574AC}
	EndGlobalSection
EndGlobal
